// !$*UTF8*$!
{
	archiveVersion = 1;
	classes = {
	};
	objectVersion = 51;
	objects = {

/* Begin PBXBuildFile section */
		5703627B2631715A00EB1DEC /* NewsCell.swift in Sources */ = {isa = PBXBuildFile; fileRef = 570362792631715A00EB1DEC /* NewsCell.swift */; };
		5703627C2631715A00EB1DEC /* NewsCell.xib in Resources */ = {isa = PBXBuildFile; fileRef = 5703627A2631715A00EB1DEC /* NewsCell.xib */; };
		57036284263179E000EB1DEC /* NewsTableController.swift in Sources */ = {isa = PBXBuildFile; fileRef = 57036283263179E000EB1DEC /* NewsTableController.swift */; };
		570362872631859500EB1DEC /* NewsModel.swift in Sources */ = {isa = PBXBuildFile; fileRef = 570362862631859500EB1DEC /* NewsModel.swift */; };
		5703785C261AF54A00038EF8 /* AppDelegate.swift in Sources */ = {isa = PBXBuildFile; fileRef = 5703785B261AF54A00038EF8 /* AppDelegate.swift */; };
		5703785E261AF54A00038EF8 /* SceneDelegate.swift in Sources */ = {isa = PBXBuildFile; fileRef = 5703785D261AF54A00038EF8 /* SceneDelegate.swift */; };
		57037860261AF54A00038EF8 /* LoginViewController.swift in Sources */ = {isa = PBXBuildFile; fileRef = 5703785F261AF54A00038EF8 /* LoginViewController.swift */; };
		57037863261AF54A00038EF8 /* Main.storyboard in Resources */ = {isa = PBXBuildFile; fileRef = 57037861261AF54A00038EF8 /* Main.storyboard */; };
		57037866261AF54A00038EF8 /* vkApp.xcdatamodeld in Sources */ = {isa = PBXBuildFile; fileRef = 57037864261AF54A00038EF8 /* vkApp.xcdatamodeld */; };
		57037868261AF54B00038EF8 /* Assets.xcassets in Resources */ = {isa = PBXBuildFile; fileRef = 57037867261AF54B00038EF8 /* Assets.xcassets */; };
		5703786B261AF54B00038EF8 /* LaunchScreen.storyboard in Resources */ = {isa = PBXBuildFile; fileRef = 57037869261AF54B00038EF8 /* LaunchScreen.storyboard */; };
		571673B4266611E50027950D /* VKLoginViewController.swift in Sources */ = {isa = PBXBuildFile; fileRef = 571673B3266611E50027950D /* VKLoginViewController.swift */; };
		5718F700265BAF1B00F281A1 /* Session.swift in Sources */ = {isa = PBXBuildFile; fileRef = 5718F6FF265BAF1B00F281A1 /* Session.swift */; };
		57190903261F42A3001035BC /* MyFriendsTableController.swift in Sources */ = {isa = PBXBuildFile; fileRef = 57190902261F42A3001035BC /* MyFriendsTableController.swift */; };
		57190906261F42BD001035BC /* FriendPhotosController.swift in Sources */ = {isa = PBXBuildFile; fileRef = 57190905261F42BD001035BC /* FriendPhotosController.swift */; };
		574500D3264A6C8C000E00FB /* CustomSegue.swift in Sources */ = {isa = PBXBuildFile; fileRef = 574500D2264A6C8C000E00FB /* CustomSegue.swift */; };
		574500D6264A72A8000E00FB /* LoginViewControllerPresentAnimator.swift in Sources */ = {isa = PBXBuildFile; fileRef = 574500D5264A72A8000E00FB /* LoginViewControllerPresentAnimator.swift */; };
		574500D9264A8353000E00FB /* NavigationControllerAnimator.swift in Sources */ = {isa = PBXBuildFile; fileRef = 574500D8264A8353000E00FB /* NavigationControllerAnimator.swift */; };
		574500DE264A9475000E00FB /* CustomNavigationController.swift in Sources */ = {isa = PBXBuildFile; fileRef = 574500DD264A9475000E00FB /* CustomNavigationController.swift */; };
		575439C126243F21004A5FAF /* FriendCell.swift in Sources */ = {isa = PBXBuildFile; fileRef = 575439C026243F21004A5FAF /* FriendCell.swift */; };
		57815CE92624520E001FBE6C /* MyGroupsTableController.swift in Sources */ = {isa = PBXBuildFile; fileRef = 57815CE82624520E001FBE6C /* MyGroupsTableController.swift */; };
		57815CED26245297001FBE6C /* GroupCell.swift in Sources */ = {isa = PBXBuildFile; fileRef = 57815CEC26245297001FBE6C /* GroupCell.swift */; };
		57815CF02624548D001FBE6C /* AllGroupsController.swift in Sources */ = {isa = PBXBuildFile; fileRef = 57815CEF2624548D001FBE6C /* AllGroupsController.swift */; };
		57815CF526246E19001FBE6C /* PhotoCell.swift in Sources */ = {isa = PBXBuildFile; fileRef = 57815CF426246E19001FBE6C /* PhotoCell.swift */; };
		57815CF9262472A7001FBE6C /* UserModel.swift in Sources */ = {isa = PBXBuildFile; fileRef = 57815CF8262472A7001FBE6C /* UserModel.swift */; };
		57815CFD262472B9001FBE6C /* GroupModel.swift in Sources */ = {isa = PBXBuildFile; fileRef = 57815CFC262472B9001FBE6C /* GroupModel.swift */; };
		57E8DCA8262D7E86007FAE0E /* FriendCell.xib in Resources */ = {isa = PBXBuildFile; fileRef = 57E8DCA7262D7E85007FAE0E /* FriendCell.xib */; };
		57E8DCAC262D8112007FAE0E /* AvatarImageView.swift in Sources */ = {isa = PBXBuildFile; fileRef = 57E8DCAB262D8112007FAE0E /* AvatarImageView.swift */; };
		57E8DCB6262D975F007FAE0E /* GroupCell.xib in Resources */ = {isa = PBXBuildFile; fileRef = 57E8DCB5262D975F007FAE0E /* GroupCell.xib */; };
		57E8DCB9262EF7AC007FAE0E /* TableSectionHeaderView.swift in Sources */ = {isa = PBXBuildFile; fileRef = 57E8DCB8262EF7AC007FAE0E /* TableSectionHeaderView.swift */; };
		57F6AFCA2641532700029063 /* PhotoPreviewViewController.swift in Sources */ = {isa = PBXBuildFile; fileRef = 57F6AFC92641532700029063 /* PhotoPreviewViewController.swift */; };
		57F6AFCD26415B6800029063 /* PhotoViewController.swift in Sources */ = {isa = PBXBuildFile; fileRef = 57F6AFCC26415B6800029063 /* PhotoViewController.swift */; };
		B270C573167697A9455041F6 /* Pods_vkApp.framework in Frameworks */ = {isa = PBXBuildFile; fileRef = 972BBE0CC9BEFF4318E16B4D /* Pods_vkApp.framework */; };
/* End PBXBuildFile section */

/* Begin PBXFileReference section */
		2A07A2903D9171691F866A75 /* Pods-vkApp.release.xcconfig */ = {isa = PBXFileReference; includeInIndex = 1; lastKnownFileType = text.xcconfig; name = "Pods-vkApp.release.xcconfig"; path = "Target Support Files/Pods-vkApp/Pods-vkApp.release.xcconfig"; sourceTree = "<group>"; };
		570362792631715A00EB1DEC /* NewsCell.swift */ = {isa = PBXFileReference; lastKnownFileType = sourcecode.swift; path = NewsCell.swift; sourceTree = "<group>"; };
		5703627A2631715A00EB1DEC /* NewsCell.xib */ = {isa = PBXFileReference; lastKnownFileType = file.xib; path = NewsCell.xib; sourceTree = "<group>"; };
		57036283263179E000EB1DEC /* NewsTableController.swift */ = {isa = PBXFileReference; lastKnownFileType = sourcecode.swift; path = NewsTableController.swift; sourceTree = "<group>"; };
		570362862631859500EB1DEC /* NewsModel.swift */ = {isa = PBXFileReference; lastKnownFileType = sourcecode.swift; path = NewsModel.swift; sourceTree = "<group>"; };
		57037858261AF54A00038EF8 /* vkApp.app */ = {isa = PBXFileReference; explicitFileType = wrapper.application; includeInIndex = 0; path = vkApp.app; sourceTree = BUILT_PRODUCTS_DIR; };
		5703785B261AF54A00038EF8 /* AppDelegate.swift */ = {isa = PBXFileReference; lastKnownFileType = sourcecode.swift; path = AppDelegate.swift; sourceTree = "<group>"; };
		5703785D261AF54A00038EF8 /* SceneDelegate.swift */ = {isa = PBXFileReference; lastKnownFileType = sourcecode.swift; path = SceneDelegate.swift; sourceTree = "<group>"; };
		5703785F261AF54A00038EF8 /* LoginViewController.swift */ = {isa = PBXFileReference; lastKnownFileType = sourcecode.swift; path = LoginViewController.swift; sourceTree = "<group>"; };
		57037862261AF54A00038EF8 /* Base */ = {isa = PBXFileReference; lastKnownFileType = file.storyboard; name = Base; path = Base.lproj/Main.storyboard; sourceTree = "<group>"; };
		57037865261AF54A00038EF8 /* vkApp.xcdatamodel */ = {isa = PBXFileReference; lastKnownFileType = wrapper.xcdatamodel; path = vkApp.xcdatamodel; sourceTree = "<group>"; };
		57037867261AF54B00038EF8 /* Assets.xcassets */ = {isa = PBXFileReference; lastKnownFileType = folder.assetcatalog; path = Assets.xcassets; sourceTree = "<group>"; };
		5703786A261AF54B00038EF8 /* Base */ = {isa = PBXFileReference; lastKnownFileType = file.storyboard; name = Base; path = Base.lproj/LaunchScreen.storyboard; sourceTree = "<group>"; };
		5703786C261AF54B00038EF8 /* Info.plist */ = {isa = PBXFileReference; lastKnownFileType = text.plist.xml; path = Info.plist; sourceTree = "<group>"; };
		571673B3266611E50027950D /* VKLoginViewController.swift */ = {isa = PBXFileReference; lastKnownFileType = sourcecode.swift; path = VKLoginViewController.swift; sourceTree = "<group>"; };
		5718F6FF265BAF1B00F281A1 /* Session.swift */ = {isa = PBXFileReference; lastKnownFileType = sourcecode.swift; path = Session.swift; sourceTree = "<group>"; };
		57190902261F42A3001035BC /* MyFriendsTableController.swift */ = {isa = PBXFileReference; lastKnownFileType = sourcecode.swift; name = MyFriendsTableController.swift; path = vkApp/View/MyFriendsTableController.swift; sourceTree = SOURCE_ROOT; };
		57190905261F42BD001035BC /* FriendPhotosController.swift */ = {isa = PBXFileReference; lastKnownFileType = sourcecode.swift; path = FriendPhotosController.swift; sourceTree = "<group>"; };
		574500D2264A6C8C000E00FB /* CustomSegue.swift */ = {isa = PBXFileReference; lastKnownFileType = sourcecode.swift; path = CustomSegue.swift; sourceTree = "<group>"; };
		574500D5264A72A8000E00FB /* LoginViewControllerPresentAnimator.swift */ = {isa = PBXFileReference; lastKnownFileType = sourcecode.swift; path = LoginViewControllerPresentAnimator.swift; sourceTree = "<group>"; };
		574500D8264A8353000E00FB /* NavigationControllerAnimator.swift */ = {isa = PBXFileReference; lastKnownFileType = sourcecode.swift; path = NavigationControllerAnimator.swift; sourceTree = "<group>"; };
		574500DD264A9475000E00FB /* CustomNavigationController.swift */ = {isa = PBXFileReference; lastKnownFileType = sourcecode.swift; path = CustomNavigationController.swift; sourceTree = "<group>"; };
		575439C026243F21004A5FAF /* FriendCell.swift */ = {isa = PBXFileReference; lastKnownFileType = sourcecode.swift; path = FriendCell.swift; sourceTree = "<group>"; };
		57815CE82624520E001FBE6C /* MyGroupsTableController.swift */ = {isa = PBXFileReference; lastKnownFileType = sourcecode.swift; path = MyGroupsTableController.swift; sourceTree = "<group>"; };
		57815CEC26245297001FBE6C /* GroupCell.swift */ = {isa = PBXFileReference; lastKnownFileType = sourcecode.swift; path = GroupCell.swift; sourceTree = "<group>"; };
		57815CEF2624548D001FBE6C /* AllGroupsController.swift */ = {isa = PBXFileReference; lastKnownFileType = sourcecode.swift; path = AllGroupsController.swift; sourceTree = "<group>"; };
		57815CF426246E19001FBE6C /* PhotoCell.swift */ = {isa = PBXFileReference; lastKnownFileType = sourcecode.swift; path = PhotoCell.swift; sourceTree = "<group>"; };
		57815CF8262472A7001FBE6C /* UserModel.swift */ = {isa = PBXFileReference; lastKnownFileType = sourcecode.swift; path = UserModel.swift; sourceTree = "<group>"; };
		57815CFC262472B9001FBE6C /* GroupModel.swift */ = {isa = PBXFileReference; lastKnownFileType = sourcecode.swift; path = GroupModel.swift; sourceTree = "<group>"; };
		57E8DCA7262D7E85007FAE0E /* FriendCell.xib */ = {isa = PBXFileReference; lastKnownFileType = file.xib; path = FriendCell.xib; sourceTree = "<group>"; };
		57E8DCAB262D8112007FAE0E /* AvatarImageView.swift */ = {isa = PBXFileReference; lastKnownFileType = sourcecode.swift; path = AvatarImageView.swift; sourceTree = "<group>"; };
		57E8DCB5262D975F007FAE0E /* GroupCell.xib */ = {isa = PBXFileReference; lastKnownFileType = file.xib; path = GroupCell.xib; sourceTree = "<group>"; };
		57E8DCB8262EF7AC007FAE0E /* TableSectionHeaderView.swift */ = {isa = PBXFileReference; lastKnownFileType = sourcecode.swift; path = TableSectionHeaderView.swift; sourceTree = "<group>"; };
		57F6AFC92641532700029063 /* PhotoPreviewViewController.swift */ = {isa = PBXFileReference; lastKnownFileType = sourcecode.swift; path = PhotoPreviewViewController.swift; sourceTree = "<group>"; };
		57F6AFCC26415B6800029063 /* PhotoViewController.swift */ = {isa = PBXFileReference; lastKnownFileType = sourcecode.swift; path = PhotoViewController.swift; sourceTree = "<group>"; };
		972BBE0CC9BEFF4318E16B4D /* Pods_vkApp.framework */ = {isa = PBXFileReference; explicitFileType = wrapper.framework; includeInIndex = 0; path = Pods_vkApp.framework; sourceTree = BUILT_PRODUCTS_DIR; };
		C622763F9D9520D7C4B4D650 /* Pods-vkApp.debug.xcconfig */ = {isa = PBXFileReference; includeInIndex = 1; lastKnownFileType = text.xcconfig; name = "Pods-vkApp.debug.xcconfig"; path = "Target Support Files/Pods-vkApp/Pods-vkApp.debug.xcconfig"; sourceTree = "<group>"; };
/* End PBXFileReference section */

/* Begin PBXFrameworksBuildPhase section */
		57037855261AF54A00038EF8 /* Frameworks */ = {
			isa = PBXFrameworksBuildPhase;
			buildActionMask = 2147483647;
			files = (
				B270C573167697A9455041F6 /* Pods_vkApp.framework in Frameworks */,
			);
			runOnlyForDeploymentPostprocessing = 0;
		};
/* End PBXFrameworksBuildPhase section */

/* Begin PBXGroup section */
		52FF85AF5299CF1D0F81B54A /* Pods */ = {
			isa = PBXGroup;
			children = (
				C622763F9D9520D7C4B4D650 /* Pods-vkApp.debug.xcconfig */,
				2A07A2903D9171691F866A75 /* Pods-vkApp.release.xcconfig */,
			);
			path = Pods;
			sourceTree = "<group>";
		};
		5703784F261AF54A00038EF8 = {
			isa = PBXGroup;
			children = (
				57037859261AF54A00038EF8 /* Products */,
				5703785A261AF54A00038EF8 /* vkApp */,
				52FF85AF5299CF1D0F81B54A /* Pods */,
				5FF9FB3E066AB50ADC2F0BDE /* Frameworks */,
			);
			sourceTree = "<group>";
		};
		57037859261AF54A00038EF8 /* Products */ = {
			isa = PBXGroup;
			children = (
				57037858261AF54A00038EF8 /* vkApp.app */,
			);
			name = Products;
			sourceTree = "<group>";
		};
		5703785A261AF54A00038EF8 /* vkApp */ = {
			isa = PBXGroup;
			children = (
				574500CB264A6C2B000E00FB /* UIHelper */,
				5703785B261AF54A00038EF8 /* AppDelegate.swift */,
				57037867261AF54B00038EF8 /* Assets.xcassets */,
				57037876261B03D300038EF8 /* Controller */,
				5703786C261AF54B00038EF8 /* Info.plist */,
				57037869261AF54B00038EF8 /* LaunchScreen.storyboard */,
				57815CF726247278001FBE6C /* Models */,
				5703785D261AF54A00038EF8 /* SceneDelegate.swift */,
				57037875261B03C000038EF8 /* View */,
				57037864261AF54A00038EF8 /* vkApp.xcdatamodeld */,
				5718F6FF265BAF1B00F281A1 /* Session.swift */,
			);
			path = vkApp;
			sourceTree = "<group>";
		};
		57037875261B03C000038EF8 /* View */ = {
			isa = PBXGroup;
			children = (
				57E8DCAA262D80DE007FAE0E /* CustomViews */,
				57037861261AF54A00038EF8 /* Main.storyboard */,
				575439BF26243EE9004A5FAF /* Reusable */,
			);
			path = View;
			sourceTree = "<group>";
		};
		57037876261B03D300038EF8 /* Controller */ = {
			isa = PBXGroup;
			children = (
				57815CEF2624548D001FBE6C /* AllGroupsController.swift */,
				57190905261F42BD001035BC /* FriendPhotosController.swift */,
				5703785F261AF54A00038EF8 /* LoginViewController.swift */,
				57190902261F42A3001035BC /* MyFriendsTableController.swift */,
				57815CE82624520E001FBE6C /* MyGroupsTableController.swift */,
				57036283263179E000EB1DEC /* NewsTableController.swift */,
				57F6AFC92641532700029063 /* PhotoPreviewViewController.swift */,
				57F6AFCC26415B6800029063 /* PhotoViewController.swift */,
				571673B3266611E50027950D /* VKLoginViewController.swift */,
			);
			path = Controller;
			sourceTree = "<group>";
		};
		574500CB264A6C2B000E00FB /* UIHelper */ = {
			isa = PBXGroup;
			children = (
				574500D2264A6C8C000E00FB /* CustomSegue.swift */,
				574500D5264A72A8000E00FB /* LoginViewControllerPresentAnimator.swift */,
				574500D8264A8353000E00FB /* NavigationControllerAnimator.swift */,
				574500DD264A9475000E00FB /* CustomNavigationController.swift */,
			);
			path = UIHelper;
			sourceTree = "<group>";
		};
		575439BF26243EE9004A5FAF /* Reusable */ = {
			isa = PBXGroup;
			children = (
				575439C026243F21004A5FAF /* FriendCell.swift */,
				57E8DCA7262D7E85007FAE0E /* FriendCell.xib */,
				57815CEC26245297001FBE6C /* GroupCell.swift */,
				57E8DCB5262D975F007FAE0E /* GroupCell.xib */,
				570362792631715A00EB1DEC /* NewsCell.swift */,
				5703627A2631715A00EB1DEC /* NewsCell.xib */,
				57815CF426246E19001FBE6C /* PhotoCell.swift */,
				57E8DCB8262EF7AC007FAE0E /* TableSectionHeaderView.swift */,
			);
			path = Reusable;
			sourceTree = "<group>";
		};
		57815CF726247278001FBE6C /* Models */ = {
			isa = PBXGroup;
			children = (
				57815CFC262472B9001FBE6C /* GroupModel.swift */,
				57815CF8262472A7001FBE6C /* UserModel.swift */,
				570362862631859500EB1DEC /* NewsModel.swift */,
			);
			path = Models;
			sourceTree = "<group>";
		};
		57E8DCAA262D80DE007FAE0E /* CustomViews */ = {
			isa = PBXGroup;
			children = (
				57E8DCAB262D8112007FAE0E /* AvatarImageView.swift */,
			);
			path = CustomViews;
			sourceTree = "<group>";
		};
		5FF9FB3E066AB50ADC2F0BDE /* Frameworks */ = {
			isa = PBXGroup;
			children = (
				972BBE0CC9BEFF4318E16B4D /* Pods_vkApp.framework */,
			);
			name = Frameworks;
			sourceTree = "<group>";
		};
/* End PBXGroup section */

/* Begin PBXNativeTarget section */
		57037857261AF54A00038EF8 /* vkApp */ = {
			isa = PBXNativeTarget;
			buildConfigurationList = 5703786F261AF54B00038EF8 /* Build configuration list for PBXNativeTarget "vkApp" */;
			buildPhases = (
				677E227F4FB8FD0F4561CFCF /* [CP] Check Pods Manifest.lock */,
				57037854261AF54A00038EF8 /* Sources */,
				57037855261AF54A00038EF8 /* Frameworks */,
				57037856261AF54A00038EF8 /* Resources */,
				9903D70730625E0EAA22BE22 /* [CP] Embed Pods Frameworks */,
			);
			buildRules = (
			);
			dependencies = (
			);
			name = vkApp;
			productName = vkApp;
			productReference = 57037858261AF54A00038EF8 /* vkApp.app */;
			productType = "com.apple.product-type.application";
		};
/* End PBXNativeTarget section */

/* Begin PBXProject section */
		57037850261AF54A00038EF8 /* Project object */ = {
			isa = PBXProject;
			attributes = {
				LastSwiftUpdateCheck = 1240;
				LastUpgradeCheck = 1240;
				TargetAttributes = {
					57037857261AF54A00038EF8 = {
						CreatedOnToolsVersion = 12.4;
					};
				};
			};
			buildConfigurationList = 57037853261AF54A00038EF8 /* Build configuration list for PBXProject "vkApp" */;
			compatibilityVersion = "Xcode 9.3";
			developmentRegion = en;
			hasScannedForEncodings = 0;
			knownRegions = (
				en,
				Base,
			);
			mainGroup = 5703784F261AF54A00038EF8;
			productRefGroup = 57037859261AF54A00038EF8 /* Products */;
			projectDirPath = "";
			projectRoot = "";
			targets = (
				57037857261AF54A00038EF8 /* vkApp */,
			);
		};
/* End PBXProject section */

/* Begin PBXResourcesBuildPhase section */
		57037856261AF54A00038EF8 /* Resources */ = {
			isa = PBXResourcesBuildPhase;
			buildActionMask = 2147483647;
			files = (
				5703627C2631715A00EB1DEC /* NewsCell.xib in Resources */,
				5703786B261AF54B00038EF8 /* LaunchScreen.storyboard in Resources */,
				57037868261AF54B00038EF8 /* Assets.xcassets in Resources */,
				57037863261AF54A00038EF8 /* Main.storyboard in Resources */,
				57E8DCB6262D975F007FAE0E /* GroupCell.xib in Resources */,
				57E8DCA8262D7E86007FAE0E /* FriendCell.xib in Resources */,
			);
			runOnlyForDeploymentPostprocessing = 0;
		};
/* End PBXResourcesBuildPhase section */

/* Begin PBXShellScriptBuildPhase section */
		677E227F4FB8FD0F4561CFCF /* [CP] Check Pods Manifest.lock */ = {
			isa = PBXShellScriptBuildPhase;
			buildActionMask = 2147483647;
			files = (
			);
			inputFileListPaths = (
			);
			inputPaths = (
				"${PODS_PODFILE_DIR_PATH}/Podfile.lock",
				"${PODS_ROOT}/Manifest.lock",
			);
			name = "[CP] Check Pods Manifest.lock";
			outputFileListPaths = (
			);
			outputPaths = (
				"$(DERIVED_FILE_DIR)/Pods-vkApp-checkManifestLockResult.txt",
			);
			runOnlyForDeploymentPostprocessing = 0;
			shellPath = /bin/sh;
			shellScript = "diff \"${PODS_PODFILE_DIR_PATH}/Podfile.lock\" \"${PODS_ROOT}/Manifest.lock\" > /dev/null\nif [ $? != 0 ] ; then\n    # print error to STDERR\n    echo \"error: The sandbox is not in sync with the Podfile.lock. Run 'pod install' or update your CocoaPods installation.\" >&2\n    exit 1\nfi\n# This output is used by Xcode 'outputs' to avoid re-running this script phase.\necho \"SUCCESS\" > \"${SCRIPT_OUTPUT_FILE_0}\"\n";
			showEnvVarsInLog = 0;
		};
		9903D70730625E0EAA22BE22 /* [CP] Embed Pods Frameworks */ = {
			isa = PBXShellScriptBuildPhase;
			buildActionMask = 2147483647;
			files = (
			);
			inputFileListPaths = (
				"${PODS_ROOT}/Target Support Files/Pods-vkApp/Pods-vkApp-frameworks-${CONFIGURATION}-input-files.xcfilelist",
			);
			name = "[CP] Embed Pods Frameworks";
			outputFileListPaths = (
				"${PODS_ROOT}/Target Support Files/Pods-vkApp/Pods-vkApp-frameworks-${CONFIGURATION}-output-files.xcfilelist",
			);
			runOnlyForDeploymentPostprocessing = 0;
			shellPath = /bin/sh;
			shellScript = "\"${PODS_ROOT}/Target Support Files/Pods-vkApp/Pods-vkApp-frameworks.sh\"\n";
			showEnvVarsInLog = 0;
		};
/* End PBXShellScriptBuildPhase section */

/* Begin PBXSourcesBuildPhase section */
		57037854261AF54A00038EF8 /* Sources */ = {
			isa = PBXSourcesBuildPhase;
			buildActionMask = 2147483647;
			files = (
				57F6AFCA2641532700029063 /* PhotoPreviewViewController.swift in Sources */,
				57815CED26245297001FBE6C /* GroupCell.swift in Sources */,
				575439C126243F21004A5FAF /* FriendCell.swift in Sources */,
				57190906261F42BD001035BC /* FriendPhotosController.swift in Sources */,
				574500D3264A6C8C000E00FB /* CustomSegue.swift in Sources */,
				57815CE92624520E001FBE6C /* MyGroupsTableController.swift in Sources */,
				57037866261AF54A00038EF8 /* vkApp.xcdatamodeld in Sources */,
				57036284263179E000EB1DEC /* NewsTableController.swift in Sources */,
				574500D9264A8353000E00FB /* NavigationControllerAnimator.swift in Sources */,
				57037860261AF54A00038EF8 /* LoginViewController.swift in Sources */,
				5718F700265BAF1B00F281A1 /* Session.swift in Sources */,
				571673B4266611E50027950D /* VKLoginViewController.swift in Sources */,
				5703627B2631715A00EB1DEC /* NewsCell.swift in Sources */,
				57F6AFCD26415B6800029063 /* PhotoViewController.swift in Sources */,
				574500DE264A9475000E00FB /* CustomNavigationController.swift in Sources */,
				57E8DCAC262D8112007FAE0E /* AvatarImageView.swift in Sources */,
				5703785C261AF54A00038EF8 /* AppDelegate.swift in Sources */,
				57815CF02624548D001FBE6C /* AllGroupsController.swift in Sources */,
				57190903261F42A3001035BC /* MyFriendsTableController.swift in Sources */,
				570362872631859500EB1DEC /* NewsModel.swift in Sources */,
				57815CFD262472B9001FBE6C /* GroupModel.swift in Sources */,
				57E8DCB9262EF7AC007FAE0E /* TableSectionHeaderView.swift in Sources */,
				57815CF526246E19001FBE6C /* PhotoCell.swift in Sources */,
				57815CF9262472A7001FBE6C /* UserModel.swift in Sources */,
				574500D6264A72A8000E00FB /* LoginViewControllerPresentAnimator.swift in Sources */,
				5703785E261AF54A00038EF8 /* SceneDelegate.swift in Sources */,
			);
			runOnlyForDeploymentPostprocessing = 0;
		};
/* End PBXSourcesBuildPhase section */

/* Begin PBXVariantGroup section */
		57037861261AF54A00038EF8 /* Main.storyboard */ = {
			isa = PBXVariantGroup;
			children = (
				57037862261AF54A00038EF8 /* Base */,
			);
			name = Main.storyboard;
			sourceTree = "<group>";
		};
		57037869261AF54B00038EF8 /* LaunchScreen.storyboard */ = {
			isa = PBXVariantGroup;
			children = (
				5703786A261AF54B00038EF8 /* Base */,
			);
			name = LaunchScreen.storyboard;
			sourceTree = "<group>";
		};
/* End PBXVariantGroup section */

/* Begin XCBuildConfiguration section */
		5703786D261AF54B00038EF8 /* Debug */ = {
			isa = XCBuildConfiguration;
			buildSettings = {
				ALWAYS_SEARCH_USER_PATHS = NO;
				CLANG_ANALYZER_NONNULL = YES;
				CLANG_ANALYZER_NUMBER_OBJECT_CONVERSION = YES_AGGRESSIVE;
				CLANG_CXX_LANGUAGE_STANDARD = "gnu++14";
				CLANG_CXX_LIBRARY = "libc++";
				CLANG_ENABLE_MODULES = YES;
				CLANG_ENABLE_OBJC_ARC = YES;
				CLANG_ENABLE_OBJC_WEAK = YES;
				CLANG_WARN_BLOCK_CAPTURE_AUTORELEASING = YES;
				CLANG_WARN_BOOL_CONVERSION = YES;
				CLANG_WARN_COMMA = YES;
				CLANG_WARN_CONSTANT_CONVERSION = YES;
				CLANG_WARN_DEPRECATED_OBJC_IMPLEMENTATIONS = YES;
				CLANG_WARN_DIRECT_OBJC_ISA_USAGE = YES_ERROR;
				CLANG_WARN_DOCUMENTATION_COMMENTS = YES;
				CLANG_WARN_EMPTY_BODY = YES;
				CLANG_WARN_ENUM_CONVERSION = YES;
				CLANG_WARN_INFINITE_RECURSION = YES;
				CLANG_WARN_INT_CONVERSION = YES;
				CLANG_WARN_NON_LITERAL_NULL_CONVERSION = YES;
				CLANG_WARN_OBJC_IMPLICIT_RETAIN_SELF = YES;
				CLANG_WARN_OBJC_LITERAL_CONVERSION = YES;
				CLANG_WARN_OBJC_ROOT_CLASS = YES_ERROR;
				CLANG_WARN_QUOTED_INCLUDE_IN_FRAMEWORK_HEADER = YES;
				CLANG_WARN_RANGE_LOOP_ANALYSIS = YES;
				CLANG_WARN_STRICT_PROTOTYPES = YES;
				CLANG_WARN_SUSPICIOUS_MOVE = YES;
				CLANG_WARN_UNGUARDED_AVAILABILITY = YES_AGGRESSIVE;
				CLANG_WARN_UNREACHABLE_CODE = YES;
				CLANG_WARN__DUPLICATE_METHOD_MATCH = YES;
				COPY_PHASE_STRIP = NO;
				DEBUG_INFORMATION_FORMAT = dwarf;
				ENABLE_STRICT_OBJC_MSGSEND = YES;
				ENABLE_TESTABILITY = YES;
				GCC_C_LANGUAGE_STANDARD = gnu11;
				GCC_DYNAMIC_NO_PIC = NO;
				GCC_NO_COMMON_BLOCKS = YES;
				GCC_OPTIMIZATION_LEVEL = 0;
				GCC_PREPROCESSOR_DEFINITIONS = (
					"DEBUG=1",
					"$(inherited)",
				);
				GCC_WARN_64_TO_32_BIT_CONVERSION = YES;
				GCC_WARN_ABOUT_RETURN_TYPE = YES_ERROR;
				GCC_WARN_UNDECLARED_SELECTOR = YES;
				GCC_WARN_UNINITIALIZED_AUTOS = YES_AGGRESSIVE;
				GCC_WARN_UNUSED_FUNCTION = YES;
				GCC_WARN_UNUSED_VARIABLE = YES;
				IPHONEOS_DEPLOYMENT_TARGET = 14.4;
				MTL_ENABLE_DEBUG_INFO = INCLUDE_SOURCE;
				MTL_FAST_MATH = YES;
				ONLY_ACTIVE_ARCH = YES;
				SDKROOT = iphoneos;
				SWIFT_ACTIVE_COMPILATION_CONDITIONS = DEBUG;
				SWIFT_OPTIMIZATION_LEVEL = "-Onone";
			};
			name = Debug;
		};
		5703786E261AF54B00038EF8 /* Release */ = {
			isa = XCBuildConfiguration;
			buildSettings = {
				ALWAYS_SEARCH_USER_PATHS = NO;
				CLANG_ANALYZER_NONNULL = YES;
				CLANG_ANALYZER_NUMBER_OBJECT_CONVERSION = YES_AGGRESSIVE;
				CLANG_CXX_LANGUAGE_STANDARD = "gnu++14";
				CLANG_CXX_LIBRARY = "libc++";
				CLANG_ENABLE_MODULES = YES;
				CLANG_ENABLE_OBJC_ARC = YES;
				CLANG_ENABLE_OBJC_WEAK = YES;
				CLANG_WARN_BLOCK_CAPTURE_AUTORELEASING = YES;
				CLANG_WARN_BOOL_CONVERSION = YES;
				CLANG_WARN_COMMA = YES;
				CLANG_WARN_CONSTANT_CONVERSION = YES;
				CLANG_WARN_DEPRECATED_OBJC_IMPLEMENTATIONS = YES;
				CLANG_WARN_DIRECT_OBJC_ISA_USAGE = YES_ERROR;
				CLANG_WARN_DOCUMENTATION_COMMENTS = YES;
				CLANG_WARN_EMPTY_BODY = YES;
				CLANG_WARN_ENUM_CONVERSION = YES;
				CLANG_WARN_INFINITE_RECURSION = YES;
				CLANG_WARN_INT_CONVERSION = YES;
				CLANG_WARN_NON_LITERAL_NULL_CONVERSION = YES;
				CLANG_WARN_OBJC_IMPLICIT_RETAIN_SELF = YES;
				CLANG_WARN_OBJC_LITERAL_CONVERSION = YES;
				CLANG_WARN_OBJC_ROOT_CLASS = YES_ERROR;
				CLANG_WARN_QUOTED_INCLUDE_IN_FRAMEWORK_HEADER = YES;
				CLANG_WARN_RANGE_LOOP_ANALYSIS = YES;
				CLANG_WARN_STRICT_PROTOTYPES = YES;
				CLANG_WARN_SUSPICIOUS_MOVE = YES;
				CLANG_WARN_UNGUARDED_AVAILABILITY = YES_AGGRESSIVE;
				CLANG_WARN_UNREACHABLE_CODE = YES;
				CLANG_WARN__DUPLICATE_METHOD_MATCH = YES;
				COPY_PHASE_STRIP = NO;
				DEBUG_INFORMATION_FORMAT = "dwarf-with-dsym";
				ENABLE_NS_ASSERTIONS = NO;
				ENABLE_STRICT_OBJC_MSGSEND = YES;
				GCC_C_LANGUAGE_STANDARD = gnu11;
				GCC_NO_COMMON_BLOCKS = YES;
				GCC_WARN_64_TO_32_BIT_CONVERSION = YES;
				GCC_WARN_ABOUT_RETURN_TYPE = YES_ERROR;
				GCC_WARN_UNDECLARED_SELECTOR = YES;
				GCC_WARN_UNINITIALIZED_AUTOS = YES_AGGRESSIVE;
				GCC_WARN_UNUSED_FUNCTION = YES;
				GCC_WARN_UNUSED_VARIABLE = YES;
				IPHONEOS_DEPLOYMENT_TARGET = 14.4;
				MTL_ENABLE_DEBUG_INFO = NO;
				MTL_FAST_MATH = YES;
				SDKROOT = iphoneos;
				SWIFT_COMPILATION_MODE = wholemodule;
				SWIFT_OPTIMIZATION_LEVEL = "-O";
				VALIDATE_PRODUCT = YES;
			};
			name = Release;
		};
		57037870261AF54B00038EF8 /* Debug */ = {
			isa = XCBuildConfiguration;
			baseConfigurationReference = C622763F9D9520D7C4B4D650 /* Pods-vkApp.debug.xcconfig */;
			buildSettings = {
				ASSETCATALOG_COMPILER_APPICON_NAME = AppIcon;
				ASSETCATALOG_COMPILER_GLOBAL_ACCENT_COLOR_NAME = AccentColor;
				CODE_SIGN_STYLE = Automatic;
				DEVELOPMENT_TEAM = QXM4HQHCC7;
				INFOPLIST_FILE = vkApp/Info.plist;
				LD_RUNPATH_SEARCH_PATHS = (
					"$(inherited)",
					"@executable_path/Frameworks",
				);
				MARKETING_VERSION = 1.0.0;
				PRODUCT_BUNDLE_IDENTIFIER = com.vkApp1192.SeipeR.vkApp;
				PRODUCT_NAME = "$(TARGET_NAME)";
				SWIFT_VERSION = 5.0;
				TARGETED_DEVICE_FAMILY = "1,2";
			};
			name = Debug;
		};
		57037871261AF54B00038EF8 /* Release */ = {
			isa = XCBuildConfiguration;
			baseConfigurationReference = 2A07A2903D9171691F866A75 /* Pods-vkApp.release.xcconfig */;
			buildSettings = {
				ASSETCATALOG_COMPILER_APPICON_NAME = AppIcon;
				ASSETCATALOG_COMPILER_GLOBAL_ACCENT_COLOR_NAME = AccentColor;
				CODE_SIGN_STYLE = Automatic;
				DEVELOPMENT_TEAM = QXM4HQHCC7;
				INFOPLIST_FILE = vkApp/Info.plist;
				LD_RUNPATH_SEARCH_PATHS = (
					"$(inherited)",
					"@executable_path/Frameworks",
				);
				MARKETING_VERSION = 1.0.0;
				PRODUCT_BUNDLE_IDENTIFIER = com.vkApp1192.SeipeR.vkApp;
				PRODUCT_NAME = "$(TARGET_NAME)";
				SWIFT_VERSION = 5.0;
				TARGETED_DEVICE_FAMILY = "1,2";
			};
			name = Release;
		};
/* End XCBuildConfiguration section */

/* Begin XCConfigurationList section */
		57037853261AF54A00038EF8 /* Build configuration list for PBXProject "vkApp" */ = {
			isa = XCConfigurationList;
			buildConfigurations = (
				5703786D261AF54B00038EF8 /* Debug */,
				5703786E261AF54B00038EF8 /* Release */,
			);
			defaultConfigurationIsVisible = 0;
			defaultConfigurationName = Release;
		};
		5703786F261AF54B00038EF8 /* Build configuration list for PBXNativeTarget "vkApp" */ = {
			isa = XCConfigurationList;
			buildConfigurations = (
				57037870261AF54B00038EF8 /* Debug */,
				57037871261AF54B00038EF8 /* Release */,
			);
			defaultConfigurationIsVisible = 0;
			defaultConfigurationName = Release;
		};
/* End XCConfigurationList section */

/* Begin XCVersionGroup section */
		57037864261AF54A00038EF8 /* vkApp.xcdatamodeld */ = {
			isa = XCVersionGroup;
			children = (
				57037865261AF54A00038EF8 /* vkApp.xcdatamodel */,
			);
			currentVersion = 57037865261AF54A00038EF8 /* vkApp.xcdatamodel */;
			path = vkApp.xcdatamodeld;
			sourceTree = "<group>";
			versionGroupType = wrapper.xcdatamodel;
		};
/* End XCVersionGroup section */
	};
	rootObject = 57037850261AF54A00038EF8 /* Project object */;
}
